
Microsoft Visual Studio Solution File, Format Version 12.00
# Visual Studio Version 17
VisualStudioVersion = 17.4.33213.308
MinimumVisualStudioVersion = 10.0.40219.1
Project("{FAE04EC0-301F-11D3-BF4B-00C04F79EFBC}") = "NET7", "NET7\NET7.csproj", "{B6701641-09A6-4483-9D6D-BD71A56D4308}"
EndProject
Global
	GlobalSection(SolutionConfigurationPlatforms) = preSolution
		Debug|Any CPU = Debug|Any CPU
		Debug|ARM32 = Debug|ARM32
		Debug|ARM64 = Debug|ARM64
		Debug|x64 = Debug|x64
		Debug|x86 = Debug|x86
		Release|Any CPU = Release|Any CPU
		Release|ARM32 = Release|ARM32
		Release|ARM64 = Release|ARM64
		Release|x64 = Release|x64
		Release|x86 = Release|x86
	EndGlobalSection
	GlobalSection(ProjectConfigurationPlatforms) = postSolution
		{B6701641-09A6-4483-9D6D-BD71A56D4308}.Debug|Any CPU.ActiveCfg = Debug|Any CPU
		{B6701641-09A6-4483-9D6D-BD71A56D4308}.Debug|Any CPU.Build.0 = Debug|Any CPU
		{B6701641-09A6-4483-9D6D-BD71A56D4308}.Debug|ARM32.ActiveCfg = Debug|ARM32
		{B6701641-09A6-4483-9D6D-BD71A56D4308}.Debug|ARM32.Build.0 = Debug|ARM32
		{B6701641-09A6-4483-9D6D-BD71A56D4308}.Debug|ARM64.ActiveCfg = Debug|ARM64
		{B6701641-09A6-4483-9D6D-BD71A56D4308}.Debug|ARM64.Build.0 = Debug|ARM64
		{B6701641-09A6-4483-9D6D-BD71A56D4308}.Debug|x64.ActiveCfg = Debug|x64
		{B6701641-09A6-4483-9D6D-BD71A56D4308}.Debug|x64.Build.0 = Debug|x64
		{B6701641-09A6-4483-9D6D-BD71A56D4308}.Debug|x86.ActiveCfg = Debug|x86
		{B6701641-09A6-4483-9D6D-BD71A56D4308}.Debug|x86.Build.0 = Debug|x86
		{B6701641-09A6-4483-9D6D-BD71A56D4308}.Release|Any CPU.ActiveCfg = Release|Any CPU
		{B6701641-09A6-4483-9D6D-BD71A56D4308}.Release|Any CPU.Build.0 = Release|Any CPU
		{B6701641-09A6-4483-9D6D-BD71A56D4308}.Release|ARM32.ActiveCfg = Release|ARM32
		{B6701641-09A6-4483-9D6D-BD71A56D4308}.Release|ARM32.Build.0 = Release|ARM32
		{B6701641-09A6-4483-9D6D-BD71A56D4308}.Release|ARM64.ActiveCfg = Release|ARM64
		{B6701641-09A6-4483-9D6D-BD71A56D4308}.Release|ARM64.Build.0 = Release|ARM64
		{B6701641-09A6-4483-9D6D-BD71A56D4308}.Release|x64.ActiveCfg = Release|x64
		{B6701641-09A6-4483-9D6D-BD71A56D4308}.Release|x64.Build.0 = Release|x64
		{B6701641-09A6-4483-9D6D-BD71A56D4308}.Release|x86.ActiveCfg = Release|x86
		{B6701641-09A6-4483-9D6D-BD71A56D4308}.Release|x86.Build.0 = Release|x86
	EndGlobalSection
	GlobalSection(SolutionProperties) = preSolution
		HideSolutionNode = FALSE
	EndGlobalSection
	GlobalSection(ExtensibilityGlobals) = postSolution
		SolutionGuid = {E611A2A2-D856-4EC0-88B6-BA717BA33185}
	EndGlobalSection
EndGlobal
